
Microsoft Visual Studio Solution File, Format Version 12.00
# Visual Studio 2012
Project("{FAE04EC0-301F-11D3-BF4B-00C04F79EFBC}") = "EPiServer.Libraries.Localization", "EPiServer.Libraries.Localization\EPiServer.Libraries.Localization.csproj", "{4750AA22-03A8-48CB-A78E-32AE161C8C67}"
EndProject
Project("{FAE04EC0-301F-11D3-BF4B-00C04F79EFBC}") = "EPiServer.Libraries.UnitTests", "EPiServer.Libraries.UnitTests\EPiServer.Libraries.UnitTests.csproj", "{55496069-853B-47C8-B54F-DF8DFB4231F3}"
EndProject
Project("{FAE04EC0-301F-11D3-BF4B-00C04F79EFBC}") = "EPiServer.Libraries.Output", "EPiServer.Libraries.Output\EPiServer.Libraries.Output.csproj", "{9A90CC8D-902A-4047-A2C8-0DF4238B07E3}"
EndProject
Project("{FAE04EC0-301F-11D3-BF4B-00C04F79EFBC}") = "EPiServer.Libraries.Output.Channels", "EPiServer.Libraries.Output.Channels\EPiServer.Libraries.Output.Channels.csproj", "{44023C12-9883-41D9-8FC2-C42E6A6F3D12}"
EndProject
Project("{FAE04EC0-301F-11D3-BF4B-00C04F79EFBC}") = "EPiServer.Libraries.Mvc.Output.Channels", "EPiServer.Libraries.Mvc.Output.Channels\EPiServer.Libraries.Mvc.Output.Channels.csproj", "{F7D5D829-1DC9-48F4-B2ED-9C43226D859A}"
EndProject
Project("{2150E333-8FDC-42A3-9474-1A3956D46DE8}") = "Solution Files", "Solution Files", "{9C1BA615-DD1C-4597-94B1-0BD249A43D91}"
	ProjectSection(SolutionItems) = preProject
		README.md = README.md
	EndProjectSection
EndProject
Project("{FAE04EC0-301F-11D3-BF4B-00C04F79EFBC}") = "EPiServer.Libraries.WebApi.Output", "EPiServer.Libraries.WebApi.Output\EPiServer.Libraries.WebApi.Output.csproj", "{3DB7ED84-B6A0-48A2-BE76-24D82DF4446A}"
EndProject
Project("{FAE04EC0-301F-11D3-BF4B-00C04F79EFBC}") = "EPiServer.Libraries.ContentProviders", "EPiServer.Libraries.ContentProviders\EPiServer.Libraries.ContentProviders.csproj", "{1917A4E0-DFF1-4DCA-87D1-887524D6C900}"
EndProject
Project("{FAE04EC0-301F-11D3-BF4B-00C04F79EFBC}") = "EPiServer.Libraries.Aspects", "EPiServer.Libraries.Aspects\EPiServer.Libraries.Aspects.csproj", "{74D1A13C-9454-4BAA-9A80-B0233800786E}"
EndProject
Global
	GlobalSection(SolutionConfigurationPlatforms) = preSolution
		Debug|Any CPU = Debug|Any CPU
		Release|Any CPU = Release|Any CPU
	EndGlobalSection
	GlobalSection(ProjectConfigurationPlatforms) = postSolution
		{4750AA22-03A8-48CB-A78E-32AE161C8C67}.Debug|Any CPU.ActiveCfg = Debug|Any CPU
		{4750AA22-03A8-48CB-A78E-32AE161C8C67}.Debug|Any CPU.Build.0 = Debug|Any CPU
		{4750AA22-03A8-48CB-A78E-32AE161C8C67}.Release|Any CPU.ActiveCfg = Release|Any CPU
		{4750AA22-03A8-48CB-A78E-32AE161C8C67}.Release|Any CPU.Build.0 = Release|Any CPU
		{55496069-853B-47C8-B54F-DF8DFB4231F3}.Debug|Any CPU.ActiveCfg = Debug|Any CPU
		{55496069-853B-47C8-B54F-DF8DFB4231F3}.Debug|Any CPU.Build.0 = Debug|Any CPU
		{55496069-853B-47C8-B54F-DF8DFB4231F3}.Release|Any CPU.ActiveCfg = Release|Any CPU
		{55496069-853B-47C8-B54F-DF8DFB4231F3}.Release|Any CPU.Build.0 = Release|Any CPU
		{9A90CC8D-902A-4047-A2C8-0DF4238B07E3}.Debug|Any CPU.ActiveCfg = Debug|Any CPU
		{9A90CC8D-902A-4047-A2C8-0DF4238B07E3}.Debug|Any CPU.Build.0 = Debug|Any CPU
		{9A90CC8D-902A-4047-A2C8-0DF4238B07E3}.Release|Any CPU.ActiveCfg = Release|Any CPU
		{9A90CC8D-902A-4047-A2C8-0DF4238B07E3}.Release|Any CPU.Build.0 = Release|Any CPU
		{44023C12-9883-41D9-8FC2-C42E6A6F3D12}.Debug|Any CPU.ActiveCfg = Debug|Any CPU
		{44023C12-9883-41D9-8FC2-C42E6A6F3D12}.Debug|Any CPU.Build.0 = Debug|Any CPU
		{44023C12-9883-41D9-8FC2-C42E6A6F3D12}.Release|Any CPU.ActiveCfg = Release|Any CPU
		{44023C12-9883-41D9-8FC2-C42E6A6F3D12}.Release|Any CPU.Build.0 = Release|Any CPU
		{F7D5D829-1DC9-48F4-B2ED-9C43226D859A}.Debug|Any CPU.ActiveCfg = Debug|Any CPU
		{F7D5D829-1DC9-48F4-B2ED-9C43226D859A}.Debug|Any CPU.Build.0 = Debug|Any CPU
		{F7D5D829-1DC9-48F4-B2ED-9C43226D859A}.Release|Any CPU.ActiveCfg = Release|Any CPU
		{F7D5D829-1DC9-48F4-B2ED-9C43226D859A}.Release|Any CPU.Build.0 = Release|Any CPU
		{3DB7ED84-B6A0-48A2-BE76-24D82DF4446A}.Debug|Any CPU.ActiveCfg = Debug|Any CPU
		{3DB7ED84-B6A0-48A2-BE76-24D82DF4446A}.Debug|Any CPU.Build.0 = Debug|Any CPU
		{3DB7ED84-B6A0-48A2-BE76-24D82DF4446A}.Release|Any CPU.ActiveCfg = Release|Any CPU
		{3DB7ED84-B6A0-48A2-BE76-24D82DF4446A}.Release|Any CPU.Build.0 = Release|Any CPU
		{1917A4E0-DFF1-4DCA-87D1-887524D6C900}.Debug|Any CPU.ActiveCfg = Debug|Any CPU
		{1917A4E0-DFF1-4DCA-87D1-887524D6C900}.Debug|Any CPU.Build.0 = Debug|Any CPU
		{1917A4E0-DFF1-4DCA-87D1-887524D6C900}.Release|Any CPU.ActiveCfg = Release|Any CPU
		{1917A4E0-DFF1-4DCA-87D1-887524D6C900}.Release|Any CPU.Build.0 = Release|Any CPU
		{74D1A13C-9454-4BAA-9A80-B0233800786E}.Debug|Any CPU.ActiveCfg = Debug|Any CPU
		{74D1A13C-9454-4BAA-9A80-B0233800786E}.Debug|Any CPU.Build.0 = Debug|Any CPU
		{74D1A13C-9454-4BAA-9A80-B0233800786E}.Release|Any CPU.ActiveCfg = Release|Any CPU
		{74D1A13C-9454-4BAA-9A80-B0233800786E}.Release|Any CPU.Build.0 = Release|Any CPU
	EndGlobalSection
	GlobalSection(SolutionProperties) = preSolution
		HideSolutionNode = FALSE
	EndGlobalSection
EndGlobal
