
Microsoft Visual Studio Solution File, Format Version 12.00
# Visual Studio 2012
Project("{FAE04EC0-301F-11D3-BF4B-00C04F79EFBC}") = "EPiServer.Libraries.Localization", "EPiServer.Libraries.Localization\EPiServer.Libraries.Localization.csproj", "{4750AA22-03A8-48CB-A78E-32AE161C8C67}"
EndProject
Project("{FAE04EC0-301F-11D3-BF4B-00C04F79EFBC}") = "EPiServer.Libraries.UnitTests", "EPiServer.Libraries.UnitTests\EPiServer.Libraries.UnitTests.csproj", "{55496069-853B-47C8-B54F-DF8DFB4231F3}"
EndProject
Project("{FAE04EC0-301F-11D3-BF4B-00C04F79EFBC}") = "EPiServer.Libraries.Output", "EPiServer.Libraries.Output\EPiServer.Libraries.Output.csproj", "{9A90CC8D-902A-4047-A2C8-0DF4238B07E3}"
EndProject
Global
	GlobalSection(SolutionConfigurationPlatforms) = preSolution
		Debug|Any CPU = Debug|Any CPU
		Release|Any CPU = Release|Any CPU
	EndGlobalSection
	GlobalSection(ProjectConfigurationPlatforms) = postSolution
		{4750AA22-03A8-48CB-A78E-32AE161C8C67}.Debug|Any CPU.ActiveCfg = Debug|Any CPU
		{4750AA22-03A8-48CB-A78E-32AE161C8C67}.Debug|Any CPU.Build.0 = Debug|Any CPU
		{4750AA22-03A8-48CB-A78E-32AE161C8C67}.Release|Any CPU.ActiveCfg = Release|Any CPU
		{4750AA22-03A8-48CB-A78E-32AE161C8C67}.Release|Any CPU.Build.0 = Release|Any CPU
		{55496069-853B-47C8-B54F-DF8DFB4231F3}.Debug|Any CPU.ActiveCfg = Debug|Any CPU
		{55496069-853B-47C8-B54F-DF8DFB4231F3}.Debug|Any CPU.Build.0 = Debug|Any CPU
		{55496069-853B-47C8-B54F-DF8DFB4231F3}.Release|Any CPU.ActiveCfg = Release|Any CPU
		{55496069-853B-47C8-B54F-DF8DFB4231F3}.Release|Any CPU.Build.0 = Release|Any CPU
		{9A90CC8D-902A-4047-A2C8-0DF4238B07E3}.Debug|Any CPU.ActiveCfg = Debug|Any CPU
		{9A90CC8D-902A-4047-A2C8-0DF4238B07E3}.Debug|Any CPU.Build.0 = Debug|Any CPU
		{9A90CC8D-902A-4047-A2C8-0DF4238B07E3}.Release|Any CPU.ActiveCfg = Release|Any CPU
		{9A90CC8D-902A-4047-A2C8-0DF4238B07E3}.Release|Any CPU.Build.0 = Release|Any CPU
	EndGlobalSection
	GlobalSection(SolutionProperties) = preSolution
		HideSolutionNode = FALSE
	EndGlobalSection
EndGlobal
